
Microsoft Visual Studio Solution File, Format Version 12.00
# Visual Studio 14
VisualStudioVersion = 14.0.25420.1
MinimumVisualStudioVersion = 10.0.40219.1
Project("{FAE04EC0-301F-11D3-BF4B-00C04F79EFBC}") = "AWSDeploymentAssistant", "AWSDeploymentAssistant\AWSDeploymentAssistant.csproj", "{3396B4F3-7C27-4F6D-B512-0B3D5CDFF9AD}"
EndProject
Project("{FAE04EC0-301F-11D3-BF4B-00C04F79EFBC}") = "CodeDeployPlugin", "CodeDeployPlugin\CodeDeployPlugin.csproj", "{1F737F79-B171-4D30-8EA1-DAA04FCA0903}"
EndProject
Project("{FAE04EC0-301F-11D3-BF4B-00C04F79EFBC}") = "DemoSite", "DemoSite\DemoSite.csproj", "{CE325596-FA44-45A2-A995-C3C09485DDA0}"
EndProject
Project("{FAE04EC0-301F-11D3-BF4B-00C04F79EFBC}") = "AWSDeploymentAssistant.Tests", "AWSDeploymentAssistant.Tests\AWSDeploymentAssistant.Tests.csproj", "{4E070B9A-80A5-4FDB-B461-45E521C8A8D8}"
EndProject
Project("{2150E333-8FDC-42A3-9474-1A3956D46DE8}") = "Environment Setup", "Environment Setup", "{6846DB8E-81FA-4C7B-8E41-0A464FD20D9D}"
	ProjectSection(SolutionItems) = preProject
		Solution Items\Initialize-Environment.ps1 = Solution Items\Initialize-Environment.ps1
	EndProjectSection
EndProject
Project("{2150E333-8FDC-42A3-9474-1A3956D46DE8}") = "Solution Items", "Solution Items", "{6DC82513-0AFB-4530-9752-F80BB78555ED}"
	ProjectSection(SolutionItems) = preProject
		CHANGELOG.md = CHANGELOG.md
		CONTRIBUTING.md = CONTRIBUTING.md
		Contributors.txt = Contributors.txt
		ISSUE_TEMPLATE.md = ISSUE_TEMPLATE.md
		LICENSE = LICENSE
		License.bootstrap.txt = License.bootstrap.txt
		License.CommandLine.txt = License.CommandLine.txt
		License.jQuery.txt = License.jQuery.txt
		License.log4net.txt = License.log4net.txt
		License.Newtonsoft.Json.txt = License.Newtonsoft.Json.txt
		Notice.txt = Notice.txt
		Readme.md = Readme.md
		MODERNIZATION.md = MODERNIZATION.md
	EndProjectSection
EndProject
Project("{2150E333-8FDC-42A3-9474-1A3956D46DE8}") = "Properties", "Properties", "{2F69F15F-D898-42A9-993C-D736E18AD89D}"
	ProjectSection(SolutionItems) = preProject
		Solution Items\Properties\GlobalAssemblyInfo.cs = Solution Items\Properties\GlobalAssemblyInfo.cs
	EndProjectSection
EndProject
Project("{FAE04EC0-301F-11D3-BF4B-00C04F79EFBC}") = "CodeDeployPlugin.Tests", "CodeDeployPlugin.Tests\CodeDeployPlugin.Tests.csproj", "{E031A3F0-75AF-42A4-8E22-3C41377099A5}"
EndProject
Global
	GlobalSection(SolutionConfigurationPlatforms) = preSolution
		Debug|Any CPU = Debug|Any CPU
		Debug|x64 = Debug|x64
		Debug|x86 = Debug|x86
		Deploy|Any CPU = Deploy|Any CPU
		Deploy|x64 = Deploy|x64
		Deploy|x86 = Deploy|x86
		Release|Any CPU = Release|Any CPU
		Release|x64 = Release|x64
		Release|x86 = Release|x86
	EndGlobalSection
	GlobalSection(ProjectConfigurationPlatforms) = postSolution
		{3396B4F3-7C27-4F6D-B512-0B3D5CDFF9AD}.Debug|Any CPU.ActiveCfg = Debug|Any CPU
		{3396B4F3-7C27-4F6D-B512-0B3D5CDFF9AD}.Debug|Any CPU.Build.0 = Debug|Any CPU
		{3396B4F3-7C27-4F6D-B512-0B3D5CDFF9AD}.Debug|x64.ActiveCfg = Debug|Any CPU
		{3396B4F3-7C27-4F6D-B512-0B3D5CDFF9AD}.Debug|x64.Build.0 = Debug|Any CPU
		{3396B4F3-7C27-4F6D-B512-0B3D5CDFF9AD}.Debug|x86.ActiveCfg = Debug|Any CPU
		{3396B4F3-7C27-4F6D-B512-0B3D5CDFF9AD}.Debug|x86.Build.0 = Debug|Any CPU
		{3396B4F3-7C27-4F6D-B512-0B3D5CDFF9AD}.Deploy|Any CPU.ActiveCfg = Deploy|Any CPU
		{3396B4F3-7C27-4F6D-B512-0B3D5CDFF9AD}.Deploy|Any CPU.Build.0 = Deploy|Any CPU
		{3396B4F3-7C27-4F6D-B512-0B3D5CDFF9AD}.Deploy|x64.ActiveCfg = Deploy|Any CPU
		{3396B4F3-7C27-4F6D-B512-0B3D5CDFF9AD}.Deploy|x64.Build.0 = Deploy|Any CPU
		{3396B4F3-7C27-4F6D-B512-0B3D5CDFF9AD}.Deploy|x86.ActiveCfg = Deploy|Any CPU
		{3396B4F3-7C27-4F6D-B512-0B3D5CDFF9AD}.Deploy|x86.Build.0 = Deploy|Any CPU
		{3396B4F3-7C27-4F6D-B512-0B3D5CDFF9AD}.Release|Any CPU.ActiveCfg = Release|Any CPU
		{3396B4F3-7C27-4F6D-B512-0B3D5CDFF9AD}.Release|Any CPU.Build.0 = Release|Any CPU
		{3396B4F3-7C27-4F6D-B512-0B3D5CDFF9AD}.Release|x64.ActiveCfg = Release|Any CPU
		{3396B4F3-7C27-4F6D-B512-0B3D5CDFF9AD}.Release|x64.Build.0 = Release|Any CPU
		{3396B4F3-7C27-4F6D-B512-0B3D5CDFF9AD}.Release|x86.ActiveCfg = Release|Any CPU
		{3396B4F3-7C27-4F6D-B512-0B3D5CDFF9AD}.Release|x86.Build.0 = Release|Any CPU
		{1F737F79-B171-4D30-8EA1-DAA04FCA0903}.Debug|Any CPU.ActiveCfg = Debug|Any CPU
		{1F737F79-B171-4D30-8EA1-DAA04FCA0903}.Debug|Any CPU.Build.0 = Debug|Any CPU
		{1F737F79-B171-4D30-8EA1-DAA04FCA0903}.Debug|x64.ActiveCfg = Debug|Any CPU
		{1F737F79-B171-4D30-8EA1-DAA04FCA0903}.Debug|x64.Build.0 = Debug|Any CPU
		{1F737F79-B171-4D30-8EA1-DAA04FCA0903}.Debug|x86.ActiveCfg = Debug|Any CPU
		{1F737F79-B171-4D30-8EA1-DAA04FCA0903}.Debug|x86.Build.0 = Debug|Any CPU
		{1F737F79-B171-4D30-8EA1-DAA04FCA0903}.Deploy|Any CPU.ActiveCfg = Deploy|Any CPU
		{1F737F79-B171-4D30-8EA1-DAA04FCA0903}.Deploy|Any CPU.Build.0 = Deploy|Any CPU
		{1F737F79-B171-4D30-8EA1-DAA04FCA0903}.Deploy|x64.ActiveCfg = Deploy|Any CPU
		{1F737F79-B171-4D30-8EA1-DAA04FCA0903}.Deploy|x64.Build.0 = Deploy|Any CPU
		{1F737F79-B171-4D30-8EA1-DAA04FCA0903}.Deploy|x86.ActiveCfg = Deploy|Any CPU
		{1F737F79-B171-4D30-8EA1-DAA04FCA0903}.Deploy|x86.Build.0 = Deploy|Any CPU
		{1F737F79-B171-4D30-8EA1-DAA04FCA0903}.Release|Any CPU.ActiveCfg = Release|Any CPU
		{1F737F79-B171-4D30-8EA1-DAA04FCA0903}.Release|Any CPU.Build.0 = Release|Any CPU
		{1F737F79-B171-4D30-8EA1-DAA04FCA0903}.Release|x64.ActiveCfg = Release|Any CPU
		{1F737F79-B171-4D30-8EA1-DAA04FCA0903}.Release|x64.Build.0 = Release|Any CPU
		{1F737F79-B171-4D30-8EA1-DAA04FCA0903}.Release|x86.ActiveCfg = Release|Any CPU
		{1F737F79-B171-4D30-8EA1-DAA04FCA0903}.Release|x86.Build.0 = Release|Any CPU
		{CE325596-FA44-45A2-A995-C3C09485DDA0}.Debug|Any CPU.ActiveCfg = Debug|Any CPU
		{CE325596-FA44-45A2-A995-C3C09485DDA0}.Debug|Any CPU.Build.0 = Debug|Any CPU
		{CE325596-FA44-45A2-A995-C3C09485DDA0}.Debug|x64.ActiveCfg = Debug|Any CPU
		{CE325596-FA44-45A2-A995-C3C09485DDA0}.Debug|x64.Build.0 = Debug|Any CPU
		{CE325596-FA44-45A2-A995-C3C09485DDA0}.Debug|x86.ActiveCfg = Debug|Any CPU
		{CE325596-FA44-45A2-A995-C3C09485DDA0}.Debug|x86.Build.0 = Debug|Any CPU
		{CE325596-FA44-45A2-A995-C3C09485DDA0}.Deploy|Any CPU.ActiveCfg = Deploy|Any CPU
		{CE325596-FA44-45A2-A995-C3C09485DDA0}.Deploy|Any CPU.Build.0 = Deploy|Any CPU
		{CE325596-FA44-45A2-A995-C3C09485DDA0}.Deploy|x64.ActiveCfg = Deploy|Any CPU
		{CE325596-FA44-45A2-A995-C3C09485DDA0}.Deploy|x64.Build.0 = Deploy|Any CPU
		{CE325596-FA44-45A2-A995-C3C09485DDA0}.Deploy|x86.ActiveCfg = Deploy|Any CPU
		{CE325596-FA44-45A2-A995-C3C09485DDA0}.Deploy|x86.Build.0 = Deploy|Any CPU
		{CE325596-FA44-45A2-A995-C3C09485DDA0}.Release|Any CPU.ActiveCfg = Release|Any CPU
		{CE325596-FA44-45A2-A995-C3C09485DDA0}.Release|Any CPU.Build.0 = Release|Any CPU
		{CE325596-FA44-45A2-A995-C3C09485DDA0}.Release|x64.ActiveCfg = Release|Any CPU
		{CE325596-FA44-45A2-A995-C3C09485DDA0}.Release|x64.Build.0 = Release|Any CPU
		{CE325596-FA44-45A2-A995-C3C09485DDA0}.Release|x86.ActiveCfg = Release|Any CPU
		{CE325596-FA44-45A2-A995-C3C09485DDA0}.Release|x86.Build.0 = Release|Any CPU
		{4E070B9A-80A5-4FDB-B461-45E521C8A8D8}.Debug|Any CPU.ActiveCfg = Debug|Any CPU
		{4E070B9A-80A5-4FDB-B461-45E521C8A8D8}.Debug|Any CPU.Build.0 = Debug|Any CPU
		{4E070B9A-80A5-4FDB-B461-45E521C8A8D8}.Debug|x64.ActiveCfg = Debug|Any CPU
		{4E070B9A-80A5-4FDB-B461-45E521C8A8D8}.Debug|x64.Build.0 = Debug|Any CPU
		{4E070B9A-80A5-4FDB-B461-45E521C8A8D8}.Debug|x86.ActiveCfg = Debug|Any CPU
		{4E070B9A-80A5-4FDB-B461-45E521C8A8D8}.Debug|x86.Build.0 = Debug|Any CPU
		{4E070B9A-80A5-4FDB-B461-45E521C8A8D8}.Deploy|Any CPU.ActiveCfg = Release|Any CPU
		{4E070B9A-80A5-4FDB-B461-45E521C8A8D8}.Deploy|x64.ActiveCfg = Deploy|Any CPU
		{4E070B9A-80A5-4FDB-B461-45E521C8A8D8}.Deploy|x64.Build.0 = Deploy|Any CPU
		{4E070B9A-80A5-4FDB-B461-45E521C8A8D8}.Deploy|x86.ActiveCfg = Deploy|Any CPU
		{4E070B9A-80A5-4FDB-B461-45E521C8A8D8}.Deploy|x86.Build.0 = Deploy|Any CPU
		{4E070B9A-80A5-4FDB-B461-45E521C8A8D8}.Release|Any CPU.ActiveCfg = Release|Any CPU
		{4E070B9A-80A5-4FDB-B461-45E521C8A8D8}.Release|Any CPU.Build.0 = Release|Any CPU
		{4E070B9A-80A5-4FDB-B461-45E521C8A8D8}.Release|x64.ActiveCfg = Release|Any CPU
		{4E070B9A-80A5-4FDB-B461-45E521C8A8D8}.Release|x64.Build.0 = Release|Any CPU
		{4E070B9A-80A5-4FDB-B461-45E521C8A8D8}.Release|x86.ActiveCfg = Release|Any CPU
		{4E070B9A-80A5-4FDB-B461-45E521C8A8D8}.Release|x86.Build.0 = Release|Any CPU
		{E031A3F0-75AF-42A4-8E22-3C41377099A5}.Debug|Any CPU.ActiveCfg = Debug|Any CPU
		{E031A3F0-75AF-42A4-8E22-3C41377099A5}.Debug|Any CPU.Build.0 = Debug|Any CPU
		{E031A3F0-75AF-42A4-8E22-3C41377099A5}.Debug|x64.ActiveCfg = Debug|Any CPU
		{E031A3F0-75AF-42A4-8E22-3C41377099A5}.Debug|x64.Build.0 = Debug|Any CPU
		{E031A3F0-75AF-42A4-8E22-3C41377099A5}.Debug|x86.ActiveCfg = Debug|Any CPU
		{E031A3F0-75AF-42A4-8E22-3C41377099A5}.Debug|x86.Build.0 = Debug|Any CPU
		{E031A3F0-75AF-42A4-8E22-3C41377099A5}.Deploy|Any CPU.ActiveCfg = Debug|Any CPU
		{E031A3F0-75AF-42A4-8E22-3C41377099A5}.Deploy|Any CPU.Build.0 = Debug|Any CPU
		{E031A3F0-75AF-42A4-8E22-3C41377099A5}.Deploy|x64.ActiveCfg = Debug|Any CPU
		{E031A3F0-75AF-42A4-8E22-3C41377099A5}.Deploy|x64.Build.0 = Debug|Any CPU
		{E031A3F0-75AF-42A4-8E22-3C41377099A5}.Deploy|x86.ActiveCfg = Debug|Any CPU
		{E031A3F0-75AF-42A4-8E22-3C41377099A5}.Deploy|x86.Build.0 = Debug|Any CPU
		{E031A3F0-75AF-42A4-8E22-3C41377099A5}.Release|Any CPU.ActiveCfg = Release|Any CPU
		{E031A3F0-75AF-42A4-8E22-3C41377099A5}.Release|Any CPU.Build.0 = Release|Any CPU
		{E031A3F0-75AF-42A4-8E22-3C41377099A5}.Release|x64.ActiveCfg = Release|Any CPU
		{E031A3F0-75AF-42A4-8E22-3C41377099A5}.Release|x64.Build.0 = Release|Any CPU
		{E031A3F0-75AF-42A4-8E22-3C41377099A5}.Release|x86.ActiveCfg = Release|Any CPU
		{E031A3F0-75AF-42A4-8E22-3C41377099A5}.Release|x86.Build.0 = Release|Any CPU
	EndGlobalSection
	GlobalSection(SolutionProperties) = preSolution
		HideSolutionNode = FALSE
	EndGlobalSection
	GlobalSection(NestedProjects) = preSolution
		{2F69F15F-D898-42A9-993C-D736E18AD89D} = {6DC82513-0AFB-4530-9752-F80BB78555ED}
	EndGlobalSection
EndGlobal
